
Microsoft Visual Studio Solution File, Format Version 12.00
# Visual Studio Version 16
VisualStudioVersion = 16.0.31129.286
MinimumVisualStudioVersion = 10.0.40219.1
Project("{9A19103F-16F7-4668-BE54-9A1E7A4F7556}") = "Omegapoint.Functions", "Omegapoint.Functions\Omegapoint.Functions.csproj", "{06586F8C-CE44-40F1-B81A-FCB73E7C1DF7}"
EndProject
Project("{9A19103F-16F7-4668-BE54-9A1E7A4F7556}") = "Omegapoint.Domain", "Omegapoint.Domain\Omegapoint.Domain.csproj", "{3FDD61DF-CF5B-4E33-96EE-880785F37A85}"
EndProject
Global
	GlobalSection(SolutionConfigurationPlatforms) = preSolution
		Debug|Any CPU = Debug|Any CPU
		Debug|x64 = Debug|x64
		Release|Any CPU = Release|Any CPU
		Release|x64 = Release|x64
	EndGlobalSection
	GlobalSection(ProjectConfigurationPlatforms) = postSolution
		{06586F8C-CE44-40F1-B81A-FCB73E7C1DF7}.Debug|Any CPU.ActiveCfg = Debug|Any CPU
		{06586F8C-CE44-40F1-B81A-FCB73E7C1DF7}.Debug|Any CPU.Build.0 = Debug|Any CPU
		{06586F8C-CE44-40F1-B81A-FCB73E7C1DF7}.Debug|x64.ActiveCfg = Debug|x64
		{06586F8C-CE44-40F1-B81A-FCB73E7C1DF7}.Debug|x64.Build.0 = Debug|x64
		{06586F8C-CE44-40F1-B81A-FCB73E7C1DF7}.Release|Any CPU.ActiveCfg = Release|Any CPU
		{06586F8C-CE44-40F1-B81A-FCB73E7C1DF7}.Release|Any CPU.Build.0 = Release|Any CPU
		{06586F8C-CE44-40F1-B81A-FCB73E7C1DF7}.Release|x64.ActiveCfg = Release|x64
		{06586F8C-CE44-40F1-B81A-FCB73E7C1DF7}.Release|x64.Build.0 = Release|x64
		{3FDD61DF-CF5B-4E33-96EE-880785F37A85}.Debug|Any CPU.ActiveCfg = Debug|Any CPU
		{3FDD61DF-CF5B-4E33-96EE-880785F37A85}.Debug|Any CPU.Build.0 = Debug|Any CPU
		{3FDD61DF-CF5B-4E33-96EE-880785F37A85}.Debug|x64.ActiveCfg = Debug|x64
		{3FDD61DF-CF5B-4E33-96EE-880785F37A85}.Debug|x64.Build.0 = Debug|x64
		{3FDD61DF-CF5B-4E33-96EE-880785F37A85}.Release|Any CPU.ActiveCfg = Release|Any CPU
		{3FDD61DF-CF5B-4E33-96EE-880785F37A85}.Release|Any CPU.Build.0 = Release|Any CPU
		{3FDD61DF-CF5B-4E33-96EE-880785F37A85}.Release|x64.ActiveCfg = Release|Any CPU
		{3FDD61DF-CF5B-4E33-96EE-880785F37A85}.Release|x64.Build.0 = Release|Any CPU
	EndGlobalSection
	GlobalSection(SolutionProperties) = preSolution
		HideSolutionNode = FALSE
	EndGlobalSection
	GlobalSection(ExtensibilityGlobals) = postSolution
		SolutionGuid = {A52BA019-131B-4BEE-AB11-E43F0FAD4431}
	EndGlobalSection
EndGlobal
